
Microsoft Visual Studio Solution File, Format Version 12.00
# Visual Studio Version 17
VisualStudioVersion = 17.7.34031.279
MinimumVisualStudioVersion = 10.0.40219.1
Project("{9A19103F-16F7-4668-BE54-9A1E7A4F7556}") = "thoughtsApp", "thoughtsApp\thoughtsApp.csproj", "{116F0FA8-B12A-4812-9F5B-FEB7A3ED9735}"
EndProject
Project("{9A19103F-16F7-4668-BE54-9A1E7A4F7556}") = "Pong", "Pong\Pong.csproj", "{2601B735-0B3E-4CB8-B8DB-B1523EF8F95A}"
EndProject
Project("{FAE04EC0-301F-11D3-BF4B-00C04F79EFBC}") = "Snake", "GridTests\Snake.csproj", "{C2B7950C-B72E-4BB1-A1A0-BA1EE56A88F5}"
EndProject
Global
	GlobalSection(SolutionConfigurationPlatforms) = preSolution
		Debug|Any CPU = Debug|Any CPU
		Release|Any CPU = Release|Any CPU
	EndGlobalSection
	GlobalSection(ProjectConfigurationPlatforms) = postSolution
		{116F0FA8-B12A-4812-9F5B-FEB7A3ED9735}.Debug|Any CPU.ActiveCfg = Debug|Any CPU
		{116F0FA8-B12A-4812-9F5B-FEB7A3ED9735}.Debug|Any CPU.Build.0 = Debug|Any CPU
		{116F0FA8-B12A-4812-9F5B-FEB7A3ED9735}.Release|Any CPU.ActiveCfg = Release|Any CPU
		{116F0FA8-B12A-4812-9F5B-FEB7A3ED9735}.Release|Any CPU.Build.0 = Release|Any CPU
		{2601B735-0B3E-4CB8-B8DB-B1523EF8F95A}.Debug|Any CPU.ActiveCfg = Debug|Any CPU
		{2601B735-0B3E-4CB8-B8DB-B1523EF8F95A}.Debug|Any CPU.Build.0 = Debug|Any CPU
		{2601B735-0B3E-4CB8-B8DB-B1523EF8F95A}.Release|Any CPU.ActiveCfg = Release|Any CPU
		{2601B735-0B3E-4CB8-B8DB-B1523EF8F95A}.Release|Any CPU.Build.0 = Release|Any CPU
		{C2B7950C-B72E-4BB1-A1A0-BA1EE56A88F5}.Debug|Any CPU.ActiveCfg = Debug|Any CPU
		{C2B7950C-B72E-4BB1-A1A0-BA1EE56A88F5}.Debug|Any CPU.Build.0 = Debug|Any CPU
		{C2B7950C-B72E-4BB1-A1A0-BA1EE56A88F5}.Release|Any CPU.ActiveCfg = Release|Any CPU
		{C2B7950C-B72E-4BB1-A1A0-BA1EE56A88F5}.Release|Any CPU.Build.0 = Release|Any CPU
	EndGlobalSection
	GlobalSection(SolutionProperties) = preSolution
		HideSolutionNode = FALSE
	EndGlobalSection
	GlobalSection(ExtensibilityGlobals) = postSolution
		SolutionGuid = {EEFE4A20-64A5-4566-8BB4-DC4981BD8E93}
	EndGlobalSection
EndGlobal
